PODS:
  - Nimble (7.3.4)
  - Quick (1.2.0)
  - SpotifyAPIKit (0.1.0)

DEPENDENCIES:
  - Nimble (~> 7.0)
  - Quick (~> 1.2.0)
  - SpotifyAPIKit (from `../`)

SPEC REPOS:
  trunk:
    - Nimble
    - Quick

EXTERNAL SOURCES:
  SpotifyAPIKit:
    :path: "../"

SPEC CHECKSUMS:
  Nimble: 051e3d8912d40138fa5591c78594f95fb172af37
  Quick: 58d203b1c5e27fff7229c4c1ae445ad7069a7a08
  SpotifyAPIKit: 062d8d92b6c34345a3c239c3b4bfaf04e76c5c47

PODFILE CHECKSUM: 31309cd6ca01562d3e27b32534420b0df69b1b0c

COCOAPODS: 1.10.0
